
Microsoft Visual Studio Solution File, Format Version 12.00
Project("{FAE04EC0-301F-11D3-BF4B-00C04F79EFBC}") = "XamarinFontIcons", "XamarinFontIcons\XamarinFontIcons\XamarinFontIcons.csproj", "{ED4DAA9E-7D49-4AE2-931D-4EEB2DDC60D6}"
EndProject
Project("{FAE04EC0-301F-11D3-BF4B-00C04F79EFBC}") = "XamarinFontIcons.Android", "XamarinFontIcons\XamarinFontIcons.Android\XamarinFontIcons.Android.csproj", "{AC422E69-9A45-4C2E-B512-1FE0B3BA53B2}"
EndProject
Project("{FAE04EC0-301F-11D3-BF4B-00C04F79EFBC}") = "XamarinFontIcons.iOS", "XamarinFontIcons\XamarinFontIcons.iOS\XamarinFontIcons.iOS.csproj", "{FD792850-9E3C-44EE-A3DB-460BBEA7499C}"
EndProject
Global
	GlobalSection(SolutionConfigurationPlatforms) = preSolution
		Ad-Hoc|iPhone = Ad-Hoc|iPhone
		AppStore|iPhone = AppStore|iPhone
		Debug|Any CPU = Debug|Any CPU
		Debug|iPhone = Debug|iPhone
		Debug|iPhoneSimulator = Debug|iPhoneSimulator
		Release|Any CPU = Release|Any CPU
		Release|iPhone = Release|iPhone
		Release|iPhoneSimulator = Release|iPhoneSimulator
	EndGlobalSection
	GlobalSection(ProjectConfigurationPlatforms) = postSolution
		{ED4DAA9E-7D49-4AE2-931D-4EEB2DDC60D6}.Ad-Hoc|iPhone.ActiveCfg = Debug|Any CPU
		{ED4DAA9E-7D49-4AE2-931D-4EEB2DDC60D6}.Ad-Hoc|iPhone.Build.0 = Debug|Any CPU
		{ED4DAA9E-7D49-4AE2-931D-4EEB2DDC60D6}.AppStore|iPhone.ActiveCfg = Debug|Any CPU
		{ED4DAA9E-7D49-4AE2-931D-4EEB2DDC60D6}.AppStore|iPhone.Build.0 = Debug|Any CPU
		{ED4DAA9E-7D49-4AE2-931D-4EEB2DDC60D6}.Debug|Any CPU.ActiveCfg = Debug|Any CPU
		{ED4DAA9E-7D49-4AE2-931D-4EEB2DDC60D6}.Debug|Any CPU.Build.0 = Debug|Any CPU
		{ED4DAA9E-7D49-4AE2-931D-4EEB2DDC60D6}.Debug|iPhone.ActiveCfg = Debug|Any CPU
		{ED4DAA9E-7D49-4AE2-931D-4EEB2DDC60D6}.Debug|iPhone.Build.0 = Debug|Any CPU
		{ED4DAA9E-7D49-4AE2-931D-4EEB2DDC60D6}.Debug|iPhoneSimulator.ActiveCfg = Debug|Any CPU
		{ED4DAA9E-7D49-4AE2-931D-4EEB2DDC60D6}.Debug|iPhoneSimulator.Build.0 = Debug|Any CPU
		{ED4DAA9E-7D49-4AE2-931D-4EEB2DDC60D6}.Release|Any CPU.ActiveCfg = Release|Any CPU
		{ED4DAA9E-7D49-4AE2-931D-4EEB2DDC60D6}.Release|Any CPU.Build.0 = Release|Any CPU
		{ED4DAA9E-7D49-4AE2-931D-4EEB2DDC60D6}.Release|iPhone.ActiveCfg = Release|Any CPU
		{ED4DAA9E-7D49-4AE2-931D-4EEB2DDC60D6}.Release|iPhone.Build.0 = Release|Any CPU
		{ED4DAA9E-7D49-4AE2-931D-4EEB2DDC60D6}.Release|iPhoneSimulator.ActiveCfg = Release|Any CPU
		{ED4DAA9E-7D49-4AE2-931D-4EEB2DDC60D6}.Release|iPhoneSimulator.Build.0 = Release|Any CPU
		{AC422E69-9A45-4C2E-B512-1FE0B3BA53B2}.Ad-Hoc|iPhone.ActiveCfg = Debug|Any CPU
		{AC422E69-9A45-4C2E-B512-1FE0B3BA53B2}.Ad-Hoc|iPhone.Build.0 = Debug|Any CPU
		{AC422E69-9A45-4C2E-B512-1FE0B3BA53B2}.Ad-Hoc|iPhone.Deploy.0 = Debug|Any CPU
		{AC422E69-9A45-4C2E-B512-1FE0B3BA53B2}.AppStore|iPhone.ActiveCfg = Debug|Any CPU
		{AC422E69-9A45-4C2E-B512-1FE0B3BA53B2}.AppStore|iPhone.Build.0 = Debug|Any CPU
		{AC422E69-9A45-4C2E-B512-1FE0B3BA53B2}.AppStore|iPhone.Deploy.0 = Debug|Any CPU
		{AC422E69-9A45-4C2E-B512-1FE0B3BA53B2}.Debug|Any CPU.ActiveCfg = Debug|Any CPU
		{AC422E69-9A45-4C2E-B512-1FE0B3BA53B2}.Debug|Any CPU.Build.0 = Debug|Any CPU
		{AC422E69-9A45-4C2E-B512-1FE0B3BA53B2}.Debug|Any CPU.Deploy.0 = Debug|Any CPU
		{AC422E69-9A45-4C2E-B512-1FE0B3BA53B2}.Debug|iPhone.ActiveCfg = Debug|Any CPU
		{AC422E69-9A45-4C2E-B512-1FE0B3BA53B2}.Debug|iPhone.Build.0 = Debug|Any CPU
		{AC422E69-9A45-4C2E-B512-1FE0B3BA53B2}.Debug|iPhone.Deploy.0 = Debug|Any CPU
		{AC422E69-9A45-4C2E-B512-1FE0B3BA53B2}.Debug|iPhoneSimulator.ActiveCfg = Debug|Any CPU
		{AC422E69-9A45-4C2E-B512-1FE0B3BA53B2}.Debug|iPhoneSimulator.Build.0 = Debug|Any CPU
		{AC422E69-9A45-4C2E-B512-1FE0B3BA53B2}.Debug|iPhoneSimulator.Deploy.0 = Debug|Any CPU
		{AC422E69-9A45-4C2E-B512-1FE0B3BA53B2}.Release|Any CPU.ActiveCfg = Release|Any CPU
		{AC422E69-9A45-4C2E-B512-1FE0B3BA53B2}.Release|Any CPU.Build.0 = Release|Any CPU
		{AC422E69-9A45-4C2E-B512-1FE0B3BA53B2}.Release|Any CPU.Deploy.0 = Release|Any CPU
		{AC422E69-9A45-4C2E-B512-1FE0B3BA53B2}.Release|iPhone.ActiveCfg = Release|Any CPU
		{AC422E69-9A45-4C2E-B512-1FE0B3BA53B2}.Release|iPhone.Build.0 = Release|Any CPU
		{AC422E69-9A45-4C2E-B512-1FE0B3BA53B2}.Release|iPhone.Deploy.0 = Release|Any CPU
		{AC422E69-9A45-4C2E-B512-1FE0B3BA53B2}.Release|iPhoneSimulator.ActiveCfg = Release|Any CPU
		{AC422E69-9A45-4C2E-B512-1FE0B3BA53B2}.Release|iPhoneSimulator.Build.0 = Release|Any CPU
		{AC422E69-9A45-4C2E-B512-1FE0B3BA53B2}.Release|iPhoneSimulator.Deploy.0 = Release|Any CPU
		{FD792850-9E3C-44EE-A3DB-460BBEA7499C}.Ad-Hoc|iPhone.ActiveCfg = Ad-Hoc|iPhone
		{FD792850-9E3C-44EE-A3DB-460BBEA7499C}.Ad-Hoc|iPhone.Build.0 = Ad-Hoc|iPhone
		{FD792850-9E3C-44EE-A3DB-460BBEA7499C}.Ad-Hoc|iPhone.Deploy.0 = Ad-Hoc|iPhone
		{FD792850-9E3C-44EE-A3DB-460BBEA7499C}.AppStore|iPhone.ActiveCfg = AppStore|iPhone
		{FD792850-9E3C-44EE-A3DB-460BBEA7499C}.AppStore|iPhone.Build.0 = AppStore|iPhone
		{FD792850-9E3C-44EE-A3DB-460BBEA7499C}.AppStore|iPhone.Deploy.0 = AppStore|iPhone
		{FD792850-9E3C-44EE-A3DB-460BBEA7499C}.Debug|Any CPU.ActiveCfg = Debug|iPhoneSimulator
		{FD792850-9E3C-44EE-A3DB-460BBEA7499C}.Debug|Any CPU.Build.0 = Debug|iPhoneSimulator
		{FD792850-9E3C-44EE-A3DB-460BBEA7499C}.Debug|Any CPU.Deploy.0 = Debug|iPhoneSimulator
		{FD792850-9E3C-44EE-A3DB-460BBEA7499C}.Debug|iPhone.ActiveCfg = Debug|iPhone
		{FD792850-9E3C-44EE-A3DB-460BBEA7499C}.Debug|iPhone.Build.0 = Debug|iPhone
		{FD792850-9E3C-44EE-A3DB-460BBEA7499C}.Debug|iPhone.Deploy.0 = Debug|iPhone
		{FD792850-9E3C-44EE-A3DB-460BBEA7499C}.Debug|iPhoneSimulator.ActiveCfg = Debug|iPhoneSimulator
		{FD792850-9E3C-44EE-A3DB-460BBEA7499C}.Debug|iPhoneSimulator.Build.0 = Debug|iPhoneSimulator
		{FD792850-9E3C-44EE-A3DB-460BBEA7499C}.Debug|iPhoneSimulator.Deploy.0 = Debug|iPhoneSimulator
		{FD792850-9E3C-44EE-A3DB-460BBEA7499C}.Release|Any CPU.ActiveCfg = Release|iPhoneSimulator
		{FD792850-9E3C-44EE-A3DB-460BBEA7499C}.Release|Any CPU.Build.0 = Release|iPhoneSimulator
		{FD792850-9E3C-44EE-A3DB-460BBEA7499C}.Release|Any CPU.Deploy.0 = Release|iPhoneSimulator
		{FD792850-9E3C-44EE-A3DB-460BBEA7499C}.Release|iPhone.ActiveCfg = Release|iPhone
		{FD792850-9E3C-44EE-A3DB-460BBEA7499C}.Release|iPhone.Build.0 = Release|iPhone
		{FD792850-9E3C-44EE-A3DB-460BBEA7499C}.Release|iPhone.Deploy.0 = Release|iPhone
		{FD792850-9E3C-44EE-A3DB-460BBEA7499C}.Release|iPhoneSimulator.ActiveCfg = Release|iPhoneSimulator
		{FD792850-9E3C-44EE-A3DB-460BBEA7499C}.Release|iPhoneSimulator.Build.0 = Release|iPhoneSimulator
		{FD792850-9E3C-44EE-A3DB-460BBEA7499C}.Release|iPhoneSimulator.Deploy.0 = Release|iPhoneSimulator
	EndGlobalSection
EndGlobal
